
Microsoft Visual Studio Solution File, Format Version 12.00
# Visual Studio Version 17
VisualStudioVersion = 17.2.32505.173
MinimumVisualStudioVersion = 10.0.40219.1
Project("{FAE04EC0-301F-11D3-BF4B-00C04F79EFBC}") = "Wox", "Wox\Wox.csproj", "{DB90F671-D861-46BB-93A3-F1304F5BA1C5}"
	ProjectSection(ProjectDependencies) = postProject
		{03FFA443-5F50-48D5-8869-F3DF316803AA} = {03FFA443-5F50-48D5-8869-F3DF316803AA}
	EndProjectSection
EndProject
Project("{FAE04EC0-301F-11D3-BF4B-00C04F79EFBC}") = "Wox.Test", "Wox.Test\Wox.Test.csproj", "{FF742965-9A80-41A5-B042-D6C7D3A21708}"
	ProjectSection(ProjectDependencies) = postProject
		{DB90F671-D861-46BB-93A3-F1304F5BA1C5} = {DB90F671-D861-46BB-93A3-F1304F5BA1C5}
	EndProjectSection
EndProject
Project("{FAE04EC0-301F-11D3-BF4B-00C04F79EFBC}") = "Wox.Plugin", "Wox.Plugin\Wox.Plugin.csproj", "{8451ECDD-2EA4-4966-BB0A-7BBC40138E80}"
EndProject
Project("{2150E333-8FDC-42A3-9474-1A3956D46DE8}") = "Plugins", "Plugins", "{3A73F5A7-0335-40D8-BF7C-F20BE5D0BA87}"
EndProject
Project("{FAE04EC0-301F-11D3-BF4B-00C04F79EFBC}") = "Wox.Infrastructure", "Wox.Infrastructure\Wox.Infrastructure.csproj", "{4FD29318-A8AB-4D8F-AA47-60BC241B8DA3}"
EndProject
Project("{FAE04EC0-301F-11D3-BF4B-00C04F79EFBC}") = "Wox.Core", "Wox.Core\Wox.Core.csproj", "{B749F0DB-8E75-47DB-9E5E-265D16D0C0D2}"
EndProject
Project("{2150E333-8FDC-42A3-9474-1A3956D46DE8}") = "Solution Items", "Solution Items", "{FFD651C7-0546-441F-BC8C-D4EE8FD01EA7}"
	ProjectSection(SolutionItems) = preProject
		.gitattributes = .gitattributes
		.gitignore = .gitignore
		appveyor.yml = appveyor.yml
		LICENSE = LICENSE
		README.md = README.md
		SolutionAssemblyInfo.cs = SolutionAssemblyInfo.cs
		TODO.md = TODO.md
		Scripts\wox.nuspec = Scripts\wox.nuspec
		Scripts\wox.plugin.nuspec = Scripts\wox.plugin.nuspec
	EndProjectSection
EndProject
Project("{FAE04EC0-301F-11D3-BF4B-00C04F79EFBC}") = "HelloWorldCSharp", "Plugins\HelloWorldCSharp\HelloWorldCSharp.csproj", "{03FFA443-5F50-48D5-8869-F3DF316803AA}"
EndProject
Project("{930C7802-8A8C-48F9-8165-68863BCCD9DD}") = "Wox.Installer", "Wox.Installer\Wox.Installer.wixproj", "{F96EDD7F-00C8-44B8-8AC7-1D500BBBAEEA}"
	ProjectSection(ProjectDependencies) = postProject
		{DB90F671-D861-46BB-93A3-F1304F5BA1C5} = {DB90F671-D861-46BB-93A3-F1304F5BA1C5}
	EndProjectSection
EndProject
Project("{FAE04EC0-301F-11D3-BF4B-00C04F79EFBC}") = "Platte", "Plugins\Platte\Platte.csproj", "{DA4B564D-47D0-44A9-B530-6C1995E76F9E}"
EndProject
Global
	GlobalSection(SolutionConfigurationPlatforms) = preSolution
		Debug|Any CPU = Debug|Any CPU
		Release|Any CPU = Release|Any CPU
	EndGlobalSection
	GlobalSection(ProjectConfigurationPlatforms) = postSolution
		{DB90F671-D861-46BB-93A3-F1304F5BA1C5}.Debug|Any CPU.ActiveCfg = Debug|Any CPU
		{DB90F671-D861-46BB-93A3-F1304F5BA1C5}.Debug|Any CPU.Build.0 = Debug|Any CPU
		{DB90F671-D861-46BB-93A3-F1304F5BA1C5}.Release|Any CPU.ActiveCfg = Release|Any CPU
		{DB90F671-D861-46BB-93A3-F1304F5BA1C5}.Release|Any CPU.Build.0 = Release|Any CPU
		{FF742965-9A80-41A5-B042-D6C7D3A21708}.Debug|Any CPU.ActiveCfg = Debug|Any CPU
		{FF742965-9A80-41A5-B042-D6C7D3A21708}.Debug|Any CPU.Build.0 = Debug|Any CPU
		{FF742965-9A80-41A5-B042-D6C7D3A21708}.Release|Any CPU.ActiveCfg = Release|Any CPU
		{FF742965-9A80-41A5-B042-D6C7D3A21708}.Release|Any CPU.Build.0 = Release|Any CPU
		{8451ECDD-2EA4-4966-BB0A-7BBC40138E80}.Debug|Any CPU.ActiveCfg = Debug|Any CPU
		{8451ECDD-2EA4-4966-BB0A-7BBC40138E80}.Debug|Any CPU.Build.0 = Debug|Any CPU
		{8451ECDD-2EA4-4966-BB0A-7BBC40138E80}.Release|Any CPU.ActiveCfg = Release|Any CPU
		{8451ECDD-2EA4-4966-BB0A-7BBC40138E80}.Release|Any CPU.Build.0 = Release|Any CPU
		{4FD29318-A8AB-4D8F-AA47-60BC241B8DA3}.Debug|Any CPU.ActiveCfg = Debug|Any CPU
		{4FD29318-A8AB-4D8F-AA47-60BC241B8DA3}.Debug|Any CPU.Build.0 = Debug|Any CPU
		{4FD29318-A8AB-4D8F-AA47-60BC241B8DA3}.Release|Any CPU.ActiveCfg = Release|Any CPU
		{4FD29318-A8AB-4D8F-AA47-60BC241B8DA3}.Release|Any CPU.Build.0 = Release|Any CPU
		{B749F0DB-8E75-47DB-9E5E-265D16D0C0D2}.Debug|Any CPU.ActiveCfg = Debug|Any CPU
		{B749F0DB-8E75-47DB-9E5E-265D16D0C0D2}.Debug|Any CPU.Build.0 = Debug|Any CPU
		{B749F0DB-8E75-47DB-9E5E-265D16D0C0D2}.Release|Any CPU.ActiveCfg = Release|Any CPU
		{B749F0DB-8E75-47DB-9E5E-265D16D0C0D2}.Release|Any CPU.Build.0 = Release|Any CPU
		{03FFA443-5F50-48D5-8869-F3DF316803AA}.Debug|Any CPU.ActiveCfg = Debug|Any CPU
		{03FFA443-5F50-48D5-8869-F3DF316803AA}.Debug|Any CPU.Build.0 = Debug|Any CPU
		{03FFA443-5F50-48D5-8869-F3DF316803AA}.Release|Any CPU.ActiveCfg = Release|Any CPU
		{03FFA443-5F50-48D5-8869-F3DF316803AA}.Release|Any CPU.Build.0 = Release|Any CPU
		{F96EDD7F-00C8-44B8-8AC7-1D500BBBAEEA}.Debug|Any CPU.ActiveCfg = Debug|x64
		{F96EDD7F-00C8-44B8-8AC7-1D500BBBAEEA}.Release|Any CPU.ActiveCfg = Release|x64
		{DA4B564D-47D0-44A9-B530-6C1995E76F9E}.Debug|Any CPU.ActiveCfg = Debug|Any CPU
		{DA4B564D-47D0-44A9-B530-6C1995E76F9E}.Debug|Any CPU.Build.0 = Debug|Any CPU
		{DA4B564D-47D0-44A9-B530-6C1995E76F9E}.Release|Any CPU.ActiveCfg = Release|Any CPU
		{DA4B564D-47D0-44A9-B530-6C1995E76F9E}.Release|Any CPU.Build.0 = Release|Any CPU
	EndGlobalSection
	GlobalSection(SolutionProperties) = preSolution
		HideSolutionNode = FALSE
	EndGlobalSection
	GlobalSection(NestedProjects) = preSolution
		{03FFA443-5F50-48D5-8869-F3DF316803AA} = {3A73F5A7-0335-40D8-BF7C-F20BE5D0BA87}
		{DA4B564D-47D0-44A9-B530-6C1995E76F9E} = {3A73F5A7-0335-40D8-BF7C-F20BE5D0BA87}
	EndGlobalSection
	GlobalSection(ExtensibilityGlobals) = postSolution
		SolutionGuid = {F26ACB50-3F6C-4907-B0C9-1ADACC1D0DED}
	EndGlobalSection
EndGlobal
